{
  "nodes": {
    "darwin": {
      "inputs": {
        "nixpkgs": [
          "nixpkgs"
        ]
      },
      "locked": {
        "lastModified": 1772129556,
        "narHash": "sha256-Utk0zd8STPsUJPyjabhzPc5BpPodLTXrwkpXBHYnpeg=",
        "owner": "nix-darwin",
        "repo": "nix-darwin",
        "rev": "ebec37af18215214173c98cf6356d0aca24a2585",
        "type": "github"
      },
      "original": {
        "owner": "nix-darwin",
        "ref": "nix-darwin-25.11",
        "repo": "nix-darwin",
        "type": "github"
      }
    },
    "endpoint-sec": {
      "inputs": {
        "nixpkgs": [
          "nixpkgs"
        ]
      },
      "locked": {
        "lastModified": 1772333151,
        "narHash": "sha256-qLwMyfgz2AJZ8y1prS5BNJBGZntuyYsEb12DrAUzg14=",
        "owner": "jiaqiwang969",
        "repo": "endpoint-sec",
        "rev": "564328d2bcd688463009ca9913e6d493b6acea02",
        "type": "github"
      },
      "original": {
        "owner": "jiaqiwang969",
        "repo": "endpoint-sec",
        "type": "github"
      }
    },
    "fish-foreign-env": {
      "flake": false,
      "locked": {
        "lastModified": 1547655379,
        "narHash": "sha256-er1KI2xSUtTlQd9jZl1AjqeArrfBxrgBLcw5OqinuAM=",
        "owner": "oh-my-fish",
        "repo": "plugin-foreign-env",
        "rev": "dddd9213272a0ab848d474d0cbde12ad034e65bc",
        "type": "github"
      },
      "original": {
        "owner": "oh-my-fish",
        "repo": "plugin-foreign-env",
        "rev": "dddd9213272a0ab848d474d0cbde12ad034e65bc",
        "type": "github"
      }
    },
    "fish-fzf": {
      "flake": false,
      "locked": {
        "lastModified": 1590308198,
        "narHash": "sha256-QyCkksUYELC+TJDZS1C8aL5MBLmDcwM8gMsfkO0p4E8=",
        "owner": "jethrokuan",
        "repo": "fzf",
        "rev": "24f4739fc1dffafcc0da3ccfbbd14d9c7d31827a",
        "type": "github"
      },
      "original": {
        "owner": "jethrokuan",
        "repo": "fzf",
        "rev": "24f4739fc1dffafcc0da3ccfbbd14d9c7d31827a",
        "type": "github"
      }
    },
    "flake-compat": {
      "locked": {
        "lastModified": 1733328505,
        "narHash": "sha256-NeCCThCEP3eCl2l/+27kNNK7QrwZB1IJCrXfrbv5oqU=",
        "rev": "ff81ac966bb2cae68946d5ed5fc4994f96d0ffec",
        "revCount": 69,
        "type": "tarball",
        "url": "https://api.flakehub.com/f/pinned/edolstra/flake-compat/1.1.0/01948eb7-9cba-704f-bbf3-3fa956735b52/source.tar.gz"
      },
      "original": {
        "type": "tarball",
        "url": "https://flakehub.com/f/edolstra/flake-compat/1.tar.gz"
      }
    },
    "flake-compat_2": {
      "flake": false,
      "locked": {
        "lastModified": 1767039857,
        "narHash": "sha256-vNpUSpF5Nuw8xvDLj2KCwwksIbjua2LZCqhV1LNRDns=",
        "owner": "edolstra",
        "repo": "flake-compat",
        "rev": "5edf11c44bc78a0d334f6334cdaf7d60d732daab",
        "type": "github"
      },
      "original": {
        "owner": "edolstra",
        "repo": "flake-compat",
        "type": "github"
      }
    },
    "flake-compat_3": {
      "flake": false,
      "locked": {
        "lastModified": 1696426674,
        "narHash": "sha256-kvjfFW7WAETZlt09AgDn1MrtKzP7t90Vf7vypd3OL1U=",
        "owner": "edolstra",
        "repo": "flake-compat",
        "rev": "0f9255e01c2351cc7d116c072cb317785dd33b33",
        "type": "github"
      },
      "original": {
        "owner": "edolstra",
        "repo": "flake-compat",
        "type": "github"
      }
    },
    "flake-parts": {
      "inputs": {
        "nixpkgs-lib": [
          "neovim-nightly-overlay",
          "nixpkgs"
        ]
      },
      "locked": {
        "lastModified": 1769996383,
        "narHash": "sha256-AnYjnFWgS49RlqX7LrC4uA+sCCDBj0Ry/WOJ5XWAsa0=",
        "owner": "hercules-ci",
        "repo": "flake-parts",
        "rev": "57928607ea566b5db3ad13af0e57e921e6b12381",
        "type": "github"
      },
      "original": {
        "owner": "hercules-ci",
        "repo": "flake-parts",
        "type": "github"
      }
    },
    "flake-parts_2": {
      "inputs": {
        "nixpkgs-lib": "nixpkgs-lib"
      },
      "locked": {
        "lastModified": 1760948891,
        "narHash": "sha256-TmWcdiUUaWk8J4lpjzu4gCGxWY6/Ok7mOK4fIFfBuU4=",
        "owner": "hercules-ci",
        "repo": "flake-parts",
        "rev": "864599284fc7c0ba6357ed89ed5e2cd5040f0c04",
        "type": "github"
      },
      "original": {
        "owner": "hercules-ci",
        "repo": "flake-parts",
        "type": "github"
      }
    },
    "flake-utils": {
      "inputs": {
        "systems": "systems"
      },
      "locked": {
        "lastModified": 1731533236,
        "narHash": "sha256-l0KFg5HjrsfsO/JpG+r7fRrqm12kzFHyUHqHCVpMMbI=",
        "owner": "numtide",
        "repo": "flake-utils",
        "rev": "11707dc2f618dd54ca8739b309ec4fc024de578b",
        "type": "github"
      },
      "original": {
        "owner": "numtide",
        "repo": "flake-utils",
        "type": "github"
      }
    },
    "home-manager": {
      "inputs": {
        "nixpkgs": [
          "nixpkgs"
        ]
      },
      "locked": {
        "lastModified": 1772330611,
        "narHash": "sha256-UZjPc/d5XRxvjDbk4veAO4XFdvx6BUum2l40V688Xq8=",
        "owner": "nix-community",
        "repo": "home-manager",
        "rev": "58fd7ff0eec2cda43e705c4c0585729ec471d400",
        "type": "github"
      },
      "original": {
        "owner": "nix-community",
        "repo": "home-manager",
        "type": "github"
      }
    },
    "jujutsu": {
      "inputs": {
        "flake-utils": "flake-utils",
        "nixpkgs": "nixpkgs",
        "rust-overlay": "rust-overlay"
      },
      "locked": {
        "lastModified": 1772324956,
        "narHash": "sha256-zGn9agA4J/Lv3zETExO1u3P5E/xmsgw5k6ledXzPXzg=",
        "owner": "martinvonz",
        "repo": "jj",
        "rev": "466df41e27a462ca0f306c4e9cea13d8d393c3f9",
        "type": "github"
      },
      "original": {
        "owner": "martinvonz",
        "repo": "jj",
        "type": "github"
      }
    },
    "neovim-nightly-overlay": {
      "inputs": {
        "flake-parts": "flake-parts",
        "neovim-src": "neovim-src",
        "nixpkgs": "nixpkgs_2"
      },
      "locked": {
        "lastModified": 1772323514,
        "narHash": "sha256-aWy20stlI6cl+UM1Ds8j4NSEfWTCp/VWW+SqQy+DOM8=",
        "owner": "nix-community",
        "repo": "neovim-nightly-overlay",
        "rev": "744c005b53bd588a82b3662f82c791eecf4710ad",
        "type": "github"
      },
      "original": {
        "owner": "nix-community",
        "repo": "neovim-nightly-overlay",
        "type": "github"
      }
    },
    "neovim-src": {
      "flake": false,
      "locked": {
        "lastModified": 1772319592,
        "narHash": "sha256-Bp+pAkfjSdUWV/giJFT9Gbp0wecQ+H4Kbh4+XfyOj5s=",
        "owner": "neovim",
        "repo": "neovim",
        "rev": "8a79e3398a347248f067abe0c09097416fbf9cae",
        "type": "github"
      },
      "original": {
        "owner": "neovim",
        "repo": "neovim",
        "type": "github"
      }
    },
    "new-codex": {
      "inputs": {
        "nixpkgs": [
          "nixpkgs"
        ],
        "rust-overlay": "rust-overlay_2"
      },
      "locked": {
        "lastModified": 1771811758,
        "narHash": "sha256-ld1H/yHdl0M+kHx4SkXkSxXT1tzD/Jsbp1luB2MNq/4=",
        "owner": "jiaqiwang969",
        "repo": "new-codex",
        "rev": "f7875c38c3a58b4a277e51be7d2a502156ad594b",
        "type": "github"
      },
      "original": {
        "owner": "jiaqiwang969",
        "repo": "new-codex",
        "type": "github"
      }
    },
    "nix-snapd": {
      "inputs": {
        "flake-compat": "flake-compat",
        "flake-parts": "flake-parts_2",
        "nixpkgs": [
          "nixpkgs"
        ]
      },
      "locked": {
        "lastModified": 1761703712,
        "narHash": "sha256-OKuNVXmHuZ0zi8T0aGWrBJizIfvdTqV1RiV0IN8GPZs=",
        "owner": "nix-community",
        "repo": "nix-snapd",
        "rev": "f7694a0e26d890e285137e1b726b1b44038805c4",
        "type": "github"
      },
      "original": {
        "owner": "nix-community",
        "repo": "nix-snapd",
        "type": "github"
      }
    },
    "nixos-wsl": {
      "inputs": {
        "flake-compat": "flake-compat_2",
        "nixpkgs": [
          "nixpkgs"
        ]
      },
      "locked": {
        "lastModified": 1772333626,
        "narHash": "sha256-frUkVDphK8oJNOKo3DDs3+Y4zMnA6YmOOIJ+pP5OSfM=",
        "owner": "nix-community",
        "repo": "NixOS-WSL",
        "rev": "50776c02c6fc6fd127b67aa1f010bbadd12da47c",
        "type": "github"
      },
      "original": {
        "owner": "nix-community",
        "repo": "NixOS-WSL",
        "type": "github"
      }
    },
    "nixpkgs": {
      "locked": {
        "lastModified": 1769433173,
        "narHash": "sha256-Gf1dFYgD344WZ3q0LPlRoWaNdNQq8kSBDLEWulRQSEs=",
        "owner": "NixOS",
        "repo": "nixpkgs",
        "rev": "13b0f9e6ac78abbbb736c635d87845c4f4bee51b",
        "type": "github"
      },
      "original": {
        "owner": "NixOS",
        "ref": "nixpkgs-unstable",
        "repo": "nixpkgs",
        "type": "github"
      }
    },
    "nixpkgs-lib": {
      "locked": {
        "lastModified": 1754788789,
        "narHash": "sha256-x2rJ+Ovzq0sCMpgfgGaaqgBSwY+LST+WbZ6TytnT9Rk=",
        "owner": "nix-community",
        "repo": "nixpkgs.lib",
        "rev": "a73b9c743612e4244d865a2fdee11865283c04e6",
        "type": "github"
      },
      "original": {
        "owner": "nix-community",
        "repo": "nixpkgs.lib",
        "type": "github"
      }
    },
    "nixpkgs-master": {
      "locked": {
        "lastModified": 1772334194,
        "narHash": "sha256-t5n+Ery91OhSH8LR5In4+neNdnvboNgo21924V6K/Cw=",
        "owner": "nixos",
        "repo": "nixpkgs",
        "rev": "7d0cf8135d75d73695a5ac78984172781777fdee",
        "type": "github"
      },
      "original": {
        "owner": "nixos",
        "repo": "nixpkgs",
        "type": "github"
      }
    },
    "nixpkgs-old-ibus": {
      "locked": {
        "lastModified": 1716715802,
        "narHash": "sha256-usk0vE7VlxPX8jOavrtpOqphdfqEQpf9lgedlY/r66c=",
        "owner": "nixos",
        "repo": "nixpkgs",
        "rev": "e2dd4e18cc1c7314e24154331bae07df76eb582f",
        "type": "github"
      },
      "original": {
        "owner": "nixos",
        "repo": "nixpkgs",
        "rev": "e2dd4e18cc1c7314e24154331bae07df76eb582f",
        "type": "github"
      }
    },
    "nixpkgs-unstable": {
      "locked": {
        "lastModified": 1772173633,
        "narHash": "sha256-MOH58F4AIbCkh6qlQcwMycyk5SWvsqnS/TCfnqDlpj4=",
        "owner": "nixos",
        "repo": "nixpkgs",
        "rev": "c0f3d81a7ddbc2b1332be0d8481a672b4f6004d6",
        "type": "github"
      },
      "original": {
        "owner": "nixos",
        "ref": "nixpkgs-unstable",
        "repo": "nixpkgs",
        "type": "github"
      }
    },
    "nixpkgs_2": {
      "locked": {
        "lastModified": 1772173633,
        "narHash": "sha256-MOH58F4AIbCkh6qlQcwMycyk5SWvsqnS/TCfnqDlpj4=",
        "owner": "NixOS",
        "repo": "nixpkgs",
        "rev": "c0f3d81a7ddbc2b1332be0d8481a672b4f6004d6",
        "type": "github"
      },
      "original": {
        "owner": "NixOS",
        "ref": "nixpkgs-unstable",
        "repo": "nixpkgs",
        "type": "github"
      }
    },
    "nixpkgs_3": {
      "locked": {
        "lastModified": 1772047000,
        "narHash": "sha256-7DaQVv4R97cii/Qdfy4tmDZMB2xxtyIvNGSwXBBhSmo=",
        "owner": "nixos",
        "repo": "nixpkgs",
        "rev": "1267bb4920d0fc06ea916734c11b0bf004bbe17e",
        "type": "github"
      },
      "original": {
        "owner": "nixos",
        "ref": "nixos-25.11",
        "repo": "nixpkgs",
        "type": "github"
      }
    },
    "nixpkgs_4": {
      "locked": {
        "lastModified": 1771043024,
        "narHash": "sha256-O1XDr7EWbRp+kHrNNgLWgIrB0/US5wvw9K6RERWAj6I=",
        "owner": "NixOS",
        "repo": "nixpkgs",
        "rev": "3aadb7ca9eac2891d52a9dec199d9580a6e2bf44",
        "type": "github"
      },
      "original": {
        "owner": "NixOS",
        "ref": "nixos-25.11",
        "repo": "nixpkgs",
        "type": "github"
      }
    },
    "root": {
      "inputs": {
        "darwin": "darwin",
        "endpoint-sec": "endpoint-sec",
        "fish-foreign-env": "fish-foreign-env",
        "fish-fzf": "fish-fzf",
        "home-manager": "home-manager",
        "jujutsu": "jujutsu",
        "neovim-nightly-overlay": "neovim-nightly-overlay",
        "new-codex": "new-codex",
        "nix-snapd": "nix-snapd",
        "nixos-wsl": "nixos-wsl",
        "nixpkgs": "nixpkgs_3",
        "nixpkgs-master": "nixpkgs-master",
        "nixpkgs-old-ibus": "nixpkgs-old-ibus",
        "nixpkgs-unstable": "nixpkgs-unstable",
        "theme-bobthefish": "theme-bobthefish",
        "zig": "zig"
      }
    },
    "rust-overlay": {
      "inputs": {
        "nixpkgs": [
          "jujutsu",
          "nixpkgs"
        ]
      },
      "locked": {
        "lastModified": 1769482338,
        "narHash": "sha256-SVwjMqR981PEdEdRvYj5Mefnd61GLinWmIr7GMu7LW8=",
        "owner": "oxalica",
        "repo": "rust-overlay",
        "rev": "dc9c76a75a6d382613cdcb1a3f95640e9cedcdea",
        "type": "github"
      },
      "original": {
        "owner": "oxalica",
        "repo": "rust-overlay",
        "type": "github"
      }
    },
    "rust-overlay_2": {
      "inputs": {
        "nixpkgs": [
          "new-codex",
          "nixpkgs"
        ]
      },
      "locked": {
        "lastModified": 1769828398,
        "narHash": "sha256-zmnvRUm15QrlKH0V1BZoiT3U+Q+tr+P5Osi8qgtL9fY=",
        "owner": "oxalica",
        "repo": "rust-overlay",
        "rev": "a1d32c90c8a4ea43e9586b7e5894c179d5747425",
        "type": "github"
      },
      "original": {
        "owner": "oxalica",
        "repo": "rust-overlay",
        "type": "github"
      }
    },
    "systems": {
      "locked": {
        "lastModified": 1681028828,
        "narHash": "sha256-Vy1rq5AaRuLzOxct8nz4T6wlgyUR7zLU309k9mBC768=",
        "owner": "nix-systems",
        "repo": "default",
        "rev": "da67096a3b9bf56a91d16901293e51ba5b49a27e",
        "type": "github"
      },
      "original": {
        "owner": "nix-systems",
        "repo": "default",
        "type": "github"
      }
    },
    "systems_2": {
      "flake": false,
      "locked": {
        "lastModified": 1681028828,
        "narHash": "sha256-Vy1rq5AaRuLzOxct8nz4T6wlgyUR7zLU309k9mBC768=",
        "owner": "nix-systems",
        "repo": "default",
        "rev": "da67096a3b9bf56a91d16901293e51ba5b49a27e",
        "type": "github"
      },
      "original": {
        "owner": "nix-systems",
        "repo": "default",
        "type": "github"
      }
    },
    "theme-bobthefish": {
      "flake": false,
      "locked": {
        "lastModified": 1727184317,
        "narHash": "sha256-cXOYvdn74H4rkMWSC7G6bT4wa9d3/3vRnKed2ixRnuA=",
        "owner": "oh-my-fish",
        "repo": "theme-bobthefish",
        "rev": "e3b4d4eafc23516e35f162686f08a42edf844e40",
        "type": "github"
      },
      "original": {
        "owner": "oh-my-fish",
        "repo": "theme-bobthefish",
        "rev": "e3b4d4eafc23516e35f162686f08a42edf844e40",
        "type": "github"
      }
    },
    "zig": {
      "inputs": {
        "flake-compat": "flake-compat_3",
        "nixpkgs": "nixpkgs_4",
        "systems": "systems_2"
      },
      "locked": {
        "lastModified": 1772326330,
        "narHash": "sha256-3h7Ry0OOOvi+L/Eg/Woo54qkCqI1aTiDZVQ2Z407k7Q=",
        "owner": "mitchellh",
        "repo": "zig-overlay",
        "rev": "5c8216fb48cc3e0531066c41c057ef22a303a084",
        "type": "github"
      },
      "original": {
        "owner": "mitchellh",
        "repo": "zig-overlay",
        "type": "github"
      }
    }
  },
  "root": "root",
  "version": 7
}
